
Microsoft Visual Studio Solution File, Format Version 12.00
Project("{FAE04EC0-301F-11D3-BF4B-00C04F79EFBC}") = "LR6", "LR6\LR6.csproj", "{17E9BD8A-8FF4-4485-87C6-2EA2AEA113C0}"
EndProject
Global
	GlobalSection(SolutionConfigurationPlatforms) = preSolution
		Debug|Any CPU = Debug|Any CPU
		Release|Any CPU = Release|Any CPU
	EndGlobalSection
	GlobalSection(ProjectConfigurationPlatforms) = postSolution
		{17E9BD8A-8FF4-4485-87C6-2EA2AEA113C0}.Debug|Any CPU.ActiveCfg = Debug|Any CPU
		{17E9BD8A-8FF4-4485-87C6-2EA2AEA113C0}.Debug|Any CPU.Build.0 = Debug|Any CPU
		{17E9BD8A-8FF4-4485-87C6-2EA2AEA113C0}.Release|Any CPU.ActiveCfg = Release|Any CPU
		{17E9BD8A-8FF4-4485-87C6-2EA2AEA113C0}.Release|Any CPU.Build.0 = Release|Any CPU
	EndGlobalSection
EndGlobal
